// !$*UTF8*$!
{
	archiveVersion = 1;
	classes = {
	};
	objectVersion = 77;
	objects = {

/* Begin PBXBuildFile section */
		4AF97A272EA1AD3D0020E773 /* MLX in Frameworks */ = {isa = PBXBuildFile; productRef = 4AF97A262EA1AD3D0020E773 /* MLX */; };
		4AF97A292EA1AD3D0020E773 /* MLXFFT in Frameworks */ = {isa = PBXBuildFile; productRef = 4AF97A282EA1AD3D0020E773 /* MLXFFT */; };
		4AF97A2B2EA1AD3D0020E773 /* MLXFast in Frameworks */ = {isa = PBXBuildFile; productRef = 4AF97A2A2EA1AD3D0020E773 /* MLXFast */; };
		4AF97A2D2EA1AD3D0020E773 /* MLXLinalg in Frameworks */ = {isa = PBXBuildFile; productRef = 4AF97A2C2EA1AD3D0020E773 /* MLXLinalg */; };
		4AF97A2F2EA1AD3D0020E773 /* MLXNN in Frameworks */ = {isa = PBXBuildFile; productRef = 4AF97A2E2EA1AD3D0020E773 /* MLXNN */; };
		4AF97A322EA1B1640020E773 /* MLXEmbedders in Frameworks */ = {isa = PBXBuildFile; productRef = 4AF97A312EA1B1640020E773 /* MLXEmbedders */; };
		4AF97A342EA1B1640020E773 /* MLXLLM in Frameworks */ = {isa = PBXBuildFile; productRef = 4AF97A332EA1B1640020E773 /* MLXLLM */; };
		4AF97A362EA1B1640020E773 /* MLXLMCommon in Frameworks */ = {isa = PBXBuildFile; productRef = 4AF97A352EA1B1640020E773 /* MLXLMCommon */; };
		4AF97A382EA1B1640020E773 /* MLXMNIST in Frameworks */ = {isa = PBXBuildFile; productRef = 4AF97A372EA1B1640020E773 /* MLXMNIST */; };
		4AF97A3A2EA1B1640020E773 /* MLXVLM in Frameworks */ = {isa = PBXBuildFile; productRef = 4AF97A392EA1B1640020E773 /* MLXVLM */; };
/* End PBXBuildFile section */

/* Begin PBXContainerItemProxy section */
		4A5DF14F2E4E6D91009976D6 /* PBXContainerItemProxy */ = {
			isa = PBXContainerItemProxy;
			containerPortal = 4A5DF1302E4E6D90009976D6 /* Project object */;
			proxyType = 1;
			remoteGlobalIDString = 4A5DF1372E4E6D90009976D6;
			remoteInfo = Registrar;
		};
		4A5DF1592E4E6D91009976D6 /* PBXContainerItemProxy */ = {
			isa = PBXContainerItemProxy;
			containerPortal = 4A5DF1302E4E6D90009976D6 /* Project object */;
			proxyType = 1;
			remoteGlobalIDString = 4A5DF1372E4E6D90009976D6;
			remoteInfo = Registrar;
		};
/* End PBXContainerItemProxy section */

/* Begin PBXFileReference section */
		4A5DF1382E4E6D90009976D6 /* Registrar.app */ = {isa = PBXFileReference; explicitFileType = wrapper.application; includeInIndex = 0; path = Registrar.app; sourceTree = BUILT_PRODUCTS_DIR; };
		4A5DF14E2E4E6D91009976D6 /* RegistrarTests.xctest */ = {isa = PBXFileReference; explicitFileType = wrapper.cfbundle; includeInIndex = 0; path = RegistrarTests.xctest; sourceTree = BUILT_PRODUCTS_DIR; };
		4A5DF1582E4E6D91009976D6 /* RegistrarUITests.xctest */ = {isa = PBXFileReference; explicitFileType = wrapper.cfbundle; includeInIndex = 0; path = RegistrarUITests.xctest; sourceTree = BUILT_PRODUCTS_DIR; };
/* End PBXFileReference section */

/* Begin PBXFileSystemSynchronizedBuildFileExceptionSet section */
		4A5DF1602E4E6D91009976D6 /* Exceptions for "Registrar" folder in "Registrar" target */ = {
			isa = PBXFileSystemSynchronizedBuildFileExceptionSet;
			membershipExceptions = (
				Info.plist,
			);
			target = 4A5DF1372E4E6D90009976D6 /* Registrar */;
		};
/* End PBXFileSystemSynchronizedBuildFileExceptionSet section */

/* Begin PBXFileSystemSynchronizedRootGroup section */
		4A5DF13A2E4E6D90009976D6 /* Registrar */ = {
			isa = PBXFileSystemSynchronizedRootGroup;
			exceptions = (
				4A5DF1602E4E6D91009976D6 /* Exceptions for "Registrar" folder in "Registrar" target */,
			);
			path = Registrar;
			sourceTree = "<group>";
		};
		4A5DF1512E4E6D91009976D6 /* RegistrarTests */ = {
			isa = PBXFileSystemSynchronizedRootGroup;
			path = RegistrarTests;
			sourceTree = "<group>";
		};
		4A5DF15B2E4E6D91009976D6 /* RegistrarUITests */ = {
			isa = PBXFileSystemSynchronizedRootGroup;
			path = RegistrarUITests;
			sourceTree = "<group>";
		};
/* End PBXFileSystemSynchronizedRootGroup section */

/* Begin PBXFrameworksBuildPhase section */
		4A5DF1352E4E6D90009976D6 /* Frameworks */ = {
			isa = PBXFrameworksBuildPhase;
			buildActionMask = 2147483647;
			files = (
				4AF97A2F2EA1AD3D0020E773 /* MLXNN in Frameworks */,
				4AF97A2D2EA1AD3D0020E773 /* MLXLinalg in Frameworks */,
				4AF97A272EA1AD3D0020E773 /* MLX in Frameworks */,
				4AF97A3A2EA1B1640020E773 /* MLXVLM in Frameworks */,
				4AF97A322EA1B1640020E773 /* MLXEmbedders in Frameworks */,
				4AF97A362EA1B1640020E773 /* MLXLMCommon in Frameworks */,
				4AF97A342EA1B1640020E773 /* MLXLLM in Frameworks */,
				4AF97A382EA1B1640020E773 /* MLXMNIST in Frameworks */,
				4AF97A2B2EA1AD3D0020E773 /* MLXFast in Frameworks */,
				4AF97A292EA1AD3D0020E773 /* MLXFFT in Frameworks */,
			);
			runOnlyForDeploymentPostprocessing = 0;
		};
		4A5DF14B2E4E6D91009976D6 /* Frameworks */ = {
			isa = PBXFrameworksBuildPhase;
			buildActionMask = 2147483647;
			files = (
			);
			runOnlyForDeploymentPostprocessing = 0;
		};
		4A5DF1552E4E6D91009976D6 /* Frameworks */ = {
			isa = PBXFrameworksBuildPhase;
			buildActionMask = 2147483647;
			files = (
			);
			runOnlyForDeploymentPostprocessing = 0;
		};
/* End PBXFrameworksBuildPhase section */

/* Begin PBXGroup section */
		4A5DF12F2E4E6D90009976D6 = {
			isa = PBXGroup;
			children = (
				4A5DF13A2E4E6D90009976D6 /* Registrar */,
				4A5DF1512E4E6D91009976D6 /* RegistrarTests */,
				4A5DF15B2E4E6D91009976D6 /* RegistrarUITests */,
				4A5DF1392E4E6D90009976D6 /* Products */,
			);
			sourceTree = "<group>";
		};
		4A5DF1392E4E6D90009976D6 /* Products */ = {
			isa = PBXGroup;
			children = (
				4A5DF1382E4E6D90009976D6 /* Registrar.app */,
				4A5DF14E2E4E6D91009976D6 /* RegistrarTests.xctest */,
				4A5DF1582E4E6D91009976D6 /* RegistrarUITests.xctest */,
			);
			name = Products;
			sourceTree = "<group>";
		};
/* End PBXGroup section */

/* Begin PBXNativeTarget section */
		4A5DF1372E4E6D90009976D6 /* Registrar */ = {
			isa = PBXNativeTarget;
			buildConfigurationList = 4A5DF1612E4E6D91009976D6 /* Build configuration list for PBXNativeTarget "Registrar" */;
			buildPhases = (
				4A5DF1342E4E6D90009976D6 /* Sources */,
				4A5DF1352E4E6D90009976D6 /* Frameworks */,
				4A5DF1362E4E6D90009976D6 /* Resources */,
			);
			buildRules = (
			);
			dependencies = (
			);
			fileSystemSynchronizedGroups = (
				4A5DF13A2E4E6D90009976D6 /* Registrar */,
			);
			name = Registrar;
			packageProductDependencies = (
				4AF97A262EA1AD3D0020E773 /* MLX */,
				4AF97A282EA1AD3D0020E773 /* MLXFFT */,
				4AF97A2A2EA1AD3D0020E773 /* MLXFast */,
				4AF97A2C2EA1AD3D0020E773 /* MLXLinalg */,
				4AF97A2E2EA1AD3D0020E773 /* MLXNN */,
				4AF97A312EA1B1640020E773 /* MLXEmbedders */,
				4AF97A332EA1B1640020E773 /* MLXLLM */,
				4AF97A352EA1B1640020E773 /* MLXLMCommon */,
				4AF97A372EA1B1640020E773 /* MLXMNIST */,
				4AF97A392EA1B1640020E773 /* MLXVLM */,
			);
			productName = Registrar;
			productReference = 4A5DF1382E4E6D90009976D6 /* Registrar.app */;
			productType = "com.apple.product-type.application";
		};
		4A5DF14D2E4E6D91009976D6 /* RegistrarTests */ = {
			isa = PBXNativeTarget;
			buildConfigurationList = 4A5DF1662E4E6D91009976D6 /* Build configuration list for PBXNativeTarget "RegistrarTests" */;
			buildPhases = (
				4A5DF14A2E4E6D91009976D6 /* Sources */,
				4A5DF14B2E4E6D91009976D6 /* Frameworks */,
				4A5DF14C2E4E6D91009976D6 /* Resources */,
			);
			buildRules = (
			);
			dependencies = (
				4A5DF1502E4E6D91009976D6 /* PBXTargetDependency */,
			);
			fileSystemSynchronizedGroups = (
				4A5DF1512E4E6D91009976D6 /* RegistrarTests */,
			);
			name = RegistrarTests;
			packageProductDependencies = (
			);
			productName = RegistrarTests;
			productReference = 4A5DF14E2E4E6D91009976D6 /* RegistrarTests.xctest */;
			productType = "com.apple.product-type.bundle.unit-test";
		};
		4A5DF1572E4E6D91009976D6 /* RegistrarUITests */ = {
			isa = PBXNativeTarget;
			buildConfigurationList = 4A5DF1692E4E6D91009976D6 /* Build configuration list for PBXNativeTarget "RegistrarUITests" */;
			buildPhases = (
				4A5DF1542E4E6D91009976D6 /* Sources */,
				4A5DF1552E4E6D91009976D6 /* Frameworks */,
				4A5DF1562E4E6D91009976D6 /* Resources */,
			);
			buildRules = (
			);
			dependencies = (
				4A5DF15A2E4E6D91009976D6 /* PBXTargetDependency */,
			);
			fileSystemSynchronizedGroups = (
				4A5DF15B2E4E6D91009976D6 /* RegistrarUITests */,
			);
			name = RegistrarUITests;
			packageProductDependencies = (
			);
			productName = RegistrarUITests;
			productReference = 4A5DF1582E4E6D91009976D6 /* RegistrarUITests.xctest */;
			productType = "com.apple.product-type.bundle.ui-testing";
		};
/* End PBXNativeTarget section */

/* Begin PBXProject section */
		4A5DF1302E4E6D90009976D6 /* Project object */ = {
			isa = PBXProject;
			attributes = {
				BuildIndependentTargetsInParallel = 1;
				LastSwiftUpdateCheck = 2600;
				LastUpgradeCheck = 2600;
				TargetAttributes = {
					4A5DF1372E4E6D90009976D6 = {
						CreatedOnToolsVersion = 26.0;
					};
					4A5DF14D2E4E6D91009976D6 = {
						CreatedOnToolsVersion = 26.0;
						TestTargetID = 4A5DF1372E4E6D90009976D6;
					};
					4A5DF1572E4E6D91009976D6 = {
						CreatedOnToolsVersion = 26.0;
						TestTargetID = 4A5DF1372E4E6D90009976D6;
					};
				};
			};
			buildConfigurationList = 4A5DF1332E4E6D90009976D6 /* Build configuration list for PBXProject "Registrar" */;
			developmentRegion = en;
			hasScannedForEncodings = 0;
			knownRegions = (
				en,
				Base,
			);
			mainGroup = 4A5DF12F2E4E6D90009976D6;
			minimizedProjectReferenceProxies = 1;
			packageReferences = (
				4AF97A252EA1AD3D0020E773 /* XCRemoteSwiftPackageReference "mlx-swift" */,
				4AF97A302EA1B1640020E773 /* XCRemoteSwiftPackageReference "mlx-swift-examples" */,
			);
			preferredProjectObjectVersion = 77;
			productRefGroup = 4A5DF1392E4E6D90009976D6 /* Products */;
			projectDirPath = "";
			projectRoot = "";
			targets = (
				4A5DF1372E4E6D90009976D6 /* Registrar */,
				4A5DF14D2E4E6D91009976D6 /* RegistrarTests */,
				4A5DF1572E4E6D91009976D6 /* RegistrarUITests */,
			);
		};
/* End PBXProject section */

/* Begin PBXResourcesBuildPhase section */
		4A5DF1362E4E6D90009976D6 /* Resources */ = {
			isa = PBXResourcesBuildPhase;
			buildActionMask = 2147483647;
			files = (
			);
			runOnlyForDeploymentPostprocessing = 0;
		};
		4A5DF14C2E4E6D91009976D6 /* Resources */ = {
			isa = PBXResourcesBuildPhase;
			buildActionMask = 2147483647;
			files = (
			);
			runOnlyForDeploymentPostprocessing = 0;
		};
		4A5DF1562E4E6D91009976D6 /* Resources */ = {
			isa = PBXResourcesBuildPhase;
			buildActionMask = 2147483647;
			files = (
			);
			runOnlyForDeploymentPostprocessing = 0;
		};
/* End PBXResourcesBuildPhase section */

/* Begin PBXSourcesBuildPhase section */
		4A5DF1342E4E6D90009976D6 /* Sources */ = {
			isa = PBXSourcesBuildPhase;
			buildActionMask = 2147483647;
			files = (
			);
			runOnlyForDeploymentPostprocessing = 0;
		};
		4A5DF14A2E4E6D91009976D6 /* Sources */ = {
			isa = PBXSourcesBuildPhase;
			buildActionMask = 2147483647;
			files = (
			);
			runOnlyForDeploymentPostprocessing = 0;
		};
		4A5DF1542E4E6D91009976D6 /* Sources */ = {
			isa = PBXSourcesBuildPhase;
			buildActionMask = 2147483647;
			files = (
			);
			runOnlyForDeploymentPostprocessing = 0;
		};
/* End PBXSourcesBuildPhase section */

/* Begin PBXTargetDependency section */
		4A5DF1502E4E6D91009976D6 /* PBXTargetDependency */ = {
			isa = PBXTargetDependency;
			target = 4A5DF1372E4E6D90009976D6 /* Registrar */;
			targetProxy = 4A5DF14F2E4E6D91009976D6 /* PBXContainerItemProxy */;
		};
		4A5DF15A2E4E6D91009976D6 /* PBXTargetDependency */ = {
			isa = PBXTargetDependency;
			target = 4A5DF1372E4E6D90009976D6 /* Registrar */;
			targetProxy = 4A5DF1592E4E6D91009976D6 /* PBXContainerItemProxy */;
		};
/* End PBXTargetDependency section */

/* Begin XCBuildConfiguration section */
		4A5DF1622E4E6D91009976D6 /* Debug */ = {
			isa = XCBuildConfiguration;
			buildSettings = {
				ASSETCATALOG_COMPILER_APPICON_NAME = AppIcon;
				ASSETCATALOG_COMPILER_GLOBAL_ACCENT_COLOR_NAME = AccentColor;
				CODE_SIGN_STYLE = Automatic;
				CURRENT_PROJECT_VERSION = 1;
				DEVELOPMENT_TEAM = JB8GZN32RY;
				FRAMEWORK_SEARCH_PATHS = (
					"$(inherited)",
					"$(PROJECT_DIR)/Registrar",
				);
				GENERATE_INFOPLIST_FILE = YES;
				INFOPLIST_FILE = Registrar/Info.plist;
				INFOPLIST_KEY_NSCameraUsageDescription = "Allow the application to take pictures";
				INFOPLIST_KEY_NSLocationWhenInUseUsageDescription = "Allow the application to know where you are";
				INFOPLIST_KEY_NSPhotoLibraryAddUsageDescription = "";
				INFOPLIST_KEY_UIApplicationSupportsIndirectInputEvents = YES;
				INFOPLIST_KEY_UILaunchStoryboardName = LaunchScreen;
				INFOPLIST_KEY_UIMainStoryboardFile = Main;
				INFOPLIST_KEY_UISupportedInterfaceOrientations_iPad = "UIInterfaceOrientationPortrait UIInterfaceOrientationPortraitUpsideDown UIInterfaceOrientationLandscapeLeft UIInterfaceOrientationLandscapeRight";
				INFOPLIST_KEY_UISupportedInterfaceOrientations_iPhone = "UIInterfaceOrientationPortrait UIInterfaceOrientationLandscapeLeft UIInterfaceOrientationLandscapeRight";
				LD_RUNPATH_SEARCH_PATHS = (
					"$(inherited)",
					"@executable_path/Frameworks",
				);
				MARKETING_VERSION = 1.0;
				PRODUCT_BUNDLE_IDENTIFIER = org.sfomuseum.Registrar;
				PRODUCT_NAME = "$(TARGET_NAME)";
				STRING_CATALOG_GENERATE_SYMBOLS = YES;
				SWIFT_APPROACHABLE_CONCURRENCY = YES;
				SWIFT_DEFAULT_ACTOR_ISOLATION = MainActor;
				SWIFT_EMIT_LOC_STRINGS = YES;
				SWIFT_UPCOMING_FEATURE_MEMBER_IMPORT_VISIBILITY = YES;
				SWIFT_VERSION = 5.0;
				TARGETED_DEVICE_FAMILY = "1,2";
			};
			name = Debug;
		};
		4A5DF1632E4E6D91009976D6 /* Release */ = {
			isa = XCBuildConfiguration;
			buildSettings = {
				ASSETCATALOG_COMPILER_APPICON_NAME = AppIcon;
				ASSETCATALOG_COMPILER_GLOBAL_ACCENT_COLOR_NAME = AccentColor;
				CODE_SIGN_STYLE = Automatic;
				CURRENT_PROJECT_VERSION = 1;
				DEVELOPMENT_TEAM = JB8GZN32RY;
				FRAMEWORK_SEARCH_PATHS = (
					"$(inherited)",
					"$(PROJECT_DIR)/Registrar",
				);
				GENERATE_INFOPLIST_FILE = YES;
				INFOPLIST_FILE = Registrar/Info.plist;
				INFOPLIST_KEY_NSCameraUsageDescription = "Allow the application to take pictures";
				INFOPLIST_KEY_NSLocationWhenInUseUsageDescription = "Allow the application to know where you are";
				INFOPLIST_KEY_NSPhotoLibraryAddUsageDescription = "";
				INFOPLIST_KEY_UIApplicationSupportsIndirectInputEvents = YES;
				INFOPLIST_KEY_UILaunchStoryboardName = LaunchScreen;
				INFOPLIST_KEY_UIMainStoryboardFile = Main;
				INFOPLIST_KEY_UISupportedInterfaceOrientations_iPad = "UIInterfaceOrientationPortrait UIInterfaceOrientationPortraitUpsideDown UIInterfaceOrientationLandscapeLeft UIInterfaceOrientationLandscapeRight";
				INFOPLIST_KEY_UISupportedInterfaceOrientations_iPhone = "UIInterfaceOrientationPortrait UIInterfaceOrientationLandscapeLeft UIInterfaceOrientationLandscapeRight";
				LD_RUNPATH_SEARCH_PATHS = (
					"$(inherited)",
					"@executable_path/Frameworks",
				);
				MARKETING_VERSION = 1.0;
				PRODUCT_BUNDLE_IDENTIFIER = org.sfomuseum.Registrar;
				PRODUCT_NAME = "$(TARGET_NAME)";
				STRING_CATALOG_GENERATE_SYMBOLS = YES;
				SWIFT_APPROACHABLE_CONCURRENCY = YES;
				SWIFT_DEFAULT_ACTOR_ISOLATION = MainActor;
				SWIFT_EMIT_LOC_STRINGS = YES;
				SWIFT_UPCOMING_FEATURE_MEMBER_IMPORT_VISIBILITY = YES;
				SWIFT_VERSION = 5.0;
				TARGETED_DEVICE_FAMILY = "1,2";
			};
			name = Release;
		};
		4A5DF1642E4E6D91009976D6 /* Debug */ = {
			isa = XCBuildConfiguration;
			buildSettings = {
				ALWAYS_SEARCH_USER_PATHS = NO;
				ASSETCATALOG_COMPILER_GENERATE_SWIFT_ASSET_SYMBOL_EXTENSIONS = YES;
				CLANG_ANALYZER_NONNULL = YES;
				CLANG_ANALYZER_NUMBER_OBJECT_CONVERSION = YES_AGGRESSIVE;
				CLANG_CXX_LANGUAGE_STANDARD = "gnu++20";
				CLANG_ENABLE_MODULES = YES;
				CLANG_ENABLE_OBJC_ARC = YES;
				CLANG_ENABLE_OBJC_WEAK = YES;
				CLANG_WARN_BLOCK_CAPTURE_AUTORELEASING = YES;
				CLANG_WARN_BOOL_CONVERSION = YES;
				CLANG_WARN_COMMA = YES;
				CLANG_WARN_CONSTANT_CONVERSION = YES;
				CLANG_WARN_DEPRECATED_OBJC_IMPLEMENTATIONS = YES;
				CLANG_WARN_DIRECT_OBJC_ISA_USAGE = YES_ERROR;
				CLANG_WARN_DOCUMENTATION_COMMENTS = YES;
				CLANG_WARN_EMPTY_BODY = YES;
				CLANG_WARN_ENUM_CONVERSION = YES;
				CLANG_WARN_INFINITE_RECURSION = YES;
				CLANG_WARN_INT_CONVERSION = YES;
				CLANG_WARN_NON_LITERAL_NULL_CONVERSION = YES;
				CLANG_WARN_OBJC_IMPLICIT_RETAIN_SELF = YES;
				CLANG_WARN_OBJC_LITERAL_CONVERSION = YES;
				CLANG_WARN_OBJC_ROOT_CLASS = YES_ERROR;
				CLANG_WARN_QUOTED_INCLUDE_IN_FRAMEWORK_HEADER = YES;
				CLANG_WARN_RANGE_LOOP_ANALYSIS = YES;
				CLANG_WARN_STRICT_PROTOTYPES = YES;
				CLANG_WARN_SUSPICIOUS_MOVE = YES;
				CLANG_WARN_UNGUARDED_AVAILABILITY = YES_AGGRESSIVE;
				CLANG_WARN_UNREACHABLE_CODE = YES;
				CLANG_WARN__DUPLICATE_METHOD_MATCH = YES;
				COPY_PHASE_STRIP = NO;
				DEBUG_INFORMATION_FORMAT = dwarf;
				DEVELOPMENT_TEAM = JB8GZN32RY;
				ENABLE_STRICT_OBJC_MSGSEND = YES;
				ENABLE_TESTABILITY = YES;
				ENABLE_USER_SCRIPT_SANDBOXING = YES;
				GCC_C_LANGUAGE_STANDARD = gnu17;
				GCC_DYNAMIC_NO_PIC = NO;
				GCC_NO_COMMON_BLOCKS = YES;
				GCC_OPTIMIZATION_LEVEL = 0;
				GCC_PREPROCESSOR_DEFINITIONS = (
					"DEBUG=1",
					"$(inherited)",
				);
				GCC_WARN_64_TO_32_BIT_CONVERSION = YES;
				GCC_WARN_ABOUT_RETURN_TYPE = YES_ERROR;
				GCC_WARN_UNDECLARED_SELECTOR = YES;
				GCC_WARN_UNINITIALIZED_AUTOS = YES_AGGRESSIVE;
				GCC_WARN_UNUSED_FUNCTION = YES;
				GCC_WARN_UNUSED_VARIABLE = YES;
				IPHONEOS_DEPLOYMENT_TARGET = 26.0;
				LOCALIZATION_PREFERS_STRING_CATALOGS = YES;
				MTL_ENABLE_DEBUG_INFO = INCLUDE_SOURCE;
				MTL_FAST_MATH = YES;
				ONLY_ACTIVE_ARCH = YES;
				SDKROOT = iphoneos;
				SWIFT_ACTIVE_COMPILATION_CONDITIONS = "DEBUG $(inherited)";
				SWIFT_OPTIMIZATION_LEVEL = "-Onone";
			};
			name = Debug;
		};
		4A5DF1652E4E6D91009976D6 /* Release */ = {
			isa = XCBuildConfiguration;
			buildSettings = {
				ALWAYS_SEARCH_USER_PATHS = NO;
				ASSETCATALOG_COMPILER_GENERATE_SWIFT_ASSET_SYMBOL_EXTENSIONS = YES;
				CLANG_ANALYZER_NONNULL = YES;
				CLANG_ANALYZER_NUMBER_OBJECT_CONVERSION = YES_AGGRESSIVE;
				CLANG_CXX_LANGUAGE_STANDARD = "gnu++20";
				CLANG_ENABLE_MODULES = YES;
				CLANG_ENABLE_OBJC_ARC = YES;
				CLANG_ENABLE_OBJC_WEAK = YES;
				CLANG_WARN_BLOCK_CAPTURE_AUTORELEASING = YES;
				CLANG_WARN_BOOL_CONVERSION = YES;
				CLANG_WARN_COMMA = YES;
				CLANG_WARN_CONSTANT_CONVERSION = YES;
				CLANG_WARN_DEPRECATED_OBJC_IMPLEMENTATIONS = YES;
				CLANG_WARN_DIRECT_OBJC_ISA_USAGE = YES_ERROR;
				CLANG_WARN_DOCUMENTATION_COMMENTS = YES;
				CLANG_WARN_EMPTY_BODY = YES;
				CLANG_WARN_ENUM_CONVERSION = YES;
				CLANG_WARN_INFINITE_RECURSION = YES;
				CLANG_WARN_INT_CONVERSION = YES;
				CLANG_WARN_NON_LITERAL_NULL_CONVERSION = YES;
				CLANG_WARN_OBJC_IMPLICIT_RETAIN_SELF = YES;
				CLANG_WARN_OBJC_LITERAL_CONVERSION = YES;
				CLANG_WARN_OBJC_ROOT_CLASS = YES_ERROR;
				CLANG_WARN_QUOTED_INCLUDE_IN_FRAMEWORK_HEADER = YES;
				CLANG_WARN_RANGE_LOOP_ANALYSIS = YES;
				CLANG_WARN_STRICT_PROTOTYPES = YES;
				CLANG_WARN_SUSPICIOUS_MOVE = YES;
				CLANG_WARN_UNGUARDED_AVAILABILITY = YES_AGGRESSIVE;
				CLANG_WARN_UNREACHABLE_CODE = YES;
				CLANG_WARN__DUPLICATE_METHOD_MATCH = YES;
				COPY_PHASE_STRIP = NO;
				DEBUG_INFORMATION_FORMAT = "dwarf-with-dsym";
				DEVELOPMENT_TEAM = JB8GZN32RY;
				ENABLE_NS_ASSERTIONS = NO;
				ENABLE_STRICT_OBJC_MSGSEND = YES;
				ENABLE_USER_SCRIPT_SANDBOXING = YES;
				GCC_C_LANGUAGE_STANDARD = gnu17;
				GCC_NO_COMMON_BLOCKS = YES;
				GCC_WARN_64_TO_32_BIT_CONVERSION = YES;
				GCC_WARN_ABOUT_RETURN_TYPE = YES_ERROR;
				GCC_WARN_UNDECLARED_SELECTOR = YES;
				GCC_WARN_UNINITIALIZED_AUTOS = YES_AGGRESSIVE;
				GCC_WARN_UNUSED_FUNCTION = YES;
				GCC_WARN_UNUSED_VARIABLE = YES;
				IPHONEOS_DEPLOYMENT_TARGET = 26.0;
				LOCALIZATION_PREFERS_STRING_CATALOGS = YES;
				MTL_ENABLE_DEBUG_INFO = NO;
				MTL_FAST_MATH = YES;
				SDKROOT = iphoneos;
				SWIFT_COMPILATION_MODE = wholemodule;
				VALIDATE_PRODUCT = YES;
			};
			name = Release;
		};
		4A5DF1672E4E6D91009976D6 /* Debug */ = {
			isa = XCBuildConfiguration;
			buildSettings = {
				BUNDLE_LOADER = "$(TEST_HOST)";
				CODE_SIGN_STYLE = Automatic;
				CURRENT_PROJECT_VERSION = 1;
				DEVELOPMENT_TEAM = JB8GZN32RY;
				GENERATE_INFOPLIST_FILE = YES;
				IPHONEOS_DEPLOYMENT_TARGET = 26.0;
				MARKETING_VERSION = 1.0;
				PRODUCT_BUNDLE_IDENTIFIER = org.sfomuseum.RegistrarTests;
				PRODUCT_NAME = "$(TARGET_NAME)";
				STRING_CATALOG_GENERATE_SYMBOLS = NO;
				SWIFT_APPROACHABLE_CONCURRENCY = YES;
				SWIFT_EMIT_LOC_STRINGS = NO;
				SWIFT_UPCOMING_FEATURE_MEMBER_IMPORT_VISIBILITY = YES;
				SWIFT_VERSION = 5.0;
				TARGETED_DEVICE_FAMILY = "1,2";
				TEST_HOST = "$(BUILT_PRODUCTS_DIR)/Registrar.app/$(BUNDLE_EXECUTABLE_FOLDER_PATH)/Registrar";
			};
			name = Debug;
		};
		4A5DF1682E4E6D91009976D6 /* Release */ = {
			isa = XCBuildConfiguration;
			buildSettings = {
				BUNDLE_LOADER = "$(TEST_HOST)";
				CODE_SIGN_STYLE = Automatic;
				CURRENT_PROJECT_VERSION = 1;
				DEVELOPMENT_TEAM = JB8GZN32RY;
				GENERATE_INFOPLIST_FILE = YES;
				IPHONEOS_DEPLOYMENT_TARGET = 26.0;
				MARKETING_VERSION = 1.0;
				PRODUCT_BUNDLE_IDENTIFIER = org.sfomuseum.RegistrarTests;
				PRODUCT_NAME = "$(TARGET_NAME)";
				STRING_CATALOG_GENERATE_SYMBOLS = NO;
				SWIFT_APPROACHABLE_CONCURRENCY = YES;
				SWIFT_EMIT_LOC_STRINGS = NO;
				SWIFT_UPCOMING_FEATURE_MEMBER_IMPORT_VISIBILITY = YES;
				SWIFT_VERSION = 5.0;
				TARGETED_DEVICE_FAMILY = "1,2";
				TEST_HOST = "$(BUILT_PRODUCTS_DIR)/Registrar.app/$(BUNDLE_EXECUTABLE_FOLDER_PATH)/Registrar";
			};
			name = Release;
		};
		4A5DF16A2E4E6D91009976D6 /* Debug */ = {
			isa = XCBuildConfiguration;
			buildSettings = {
				CODE_SIGN_STYLE = Automatic;
				CURRENT_PROJECT_VERSION = 1;
				DEVELOPMENT_TEAM = JB8GZN32RY;
				GENERATE_INFOPLIST_FILE = YES;
				MARKETING_VERSION = 1.0;
				PRODUCT_BUNDLE_IDENTIFIER = org.sfomuseum.RegistrarUITests;
				PRODUCT_NAME = "$(TARGET_NAME)";
				STRING_CATALOG_GENERATE_SYMBOLS = NO;
				SWIFT_APPROACHABLE_CONCURRENCY = YES;
				SWIFT_EMIT_LOC_STRINGS = NO;
				SWIFT_UPCOMING_FEATURE_MEMBER_IMPORT_VISIBILITY = YES;
				SWIFT_VERSION = 5.0;
				TARGETED_DEVICE_FAMILY = "1,2";
				TEST_TARGET_NAME = Registrar;
			};
			name = Debug;
		};
		4A5DF16B2E4E6D91009976D6 /* Release */ = {
			isa = XCBuildConfiguration;
			buildSettings = {
				CODE_SIGN_STYLE = Automatic;
				CURRENT_PROJECT_VERSION = 1;
				DEVELOPMENT_TEAM = JB8GZN32RY;
				GENERATE_INFOPLIST_FILE = YES;
				MARKETING_VERSION = 1.0;
				PRODUCT_BUNDLE_IDENTIFIER = org.sfomuseum.RegistrarUITests;
				PRODUCT_NAME = "$(TARGET_NAME)";
				STRING_CATALOG_GENERATE_SYMBOLS = NO;
				SWIFT_APPROACHABLE_CONCURRENCY = YES;
				SWIFT_EMIT_LOC_STRINGS = NO;
				SWIFT_UPCOMING_FEATURE_MEMBER_IMPORT_VISIBILITY = YES;
				SWIFT_VERSION = 5.0;
				TARGETED_DEVICE_FAMILY = "1,2";
				TEST_TARGET_NAME = Registrar;
			};
			name = Release;
		};
/* End XCBuildConfiguration section */

/* Begin XCConfigurationList section */
		4A5DF1332E4E6D90009976D6 /* Build configuration list for PBXProject "Registrar" */ = {
			isa = XCConfigurationList;
			buildConfigurations = (
				4A5DF1642E4E6D91009976D6 /* Debug */,
				4A5DF1652E4E6D91009976D6 /* Release */,
			);
			defaultConfigurationIsVisible = 0;
			defaultConfigurationName = Release;
		};
		4A5DF1612E4E6D91009976D6 /* Build configuration list for PBXNativeTarget "Registrar" */ = {
			isa = XCConfigurationList;
			buildConfigurations = (
				4A5DF1622E4E6D91009976D6 /* Debug */,
				4A5DF1632E4E6D91009976D6 /* Release */,
			);
			defaultConfigurationIsVisible = 0;
			defaultConfigurationName = Release;
		};
		4A5DF1662E4E6D91009976D6 /* Build configuration list for PBXNativeTarget "RegistrarTests" */ = {
			isa = XCConfigurationList;
			buildConfigurations = (
				4A5DF1672E4E6D91009976D6 /* Debug */,
				4A5DF1682E4E6D91009976D6 /* Release */,
			);
			defaultConfigurationIsVisible = 0;
			defaultConfigurationName = Release;
		};
		4A5DF1692E4E6D91009976D6 /* Build configuration list for PBXNativeTarget "RegistrarUITests" */ = {
			isa = XCConfigurationList;
			buildConfigurations = (
				4A5DF16A2E4E6D91009976D6 /* Debug */,
				4A5DF16B2E4E6D91009976D6 /* Release */,
			);
			defaultConfigurationIsVisible = 0;
			defaultConfigurationName = Release;
		};
/* End XCConfigurationList section */

/* Begin XCRemoteSwiftPackageReference section */
		4AF97A252EA1AD3D0020E773 /* XCRemoteSwiftPackageReference "mlx-swift" */ = {
			isa = XCRemoteSwiftPackageReference;
			repositoryURL = "https://github.com/ml-explore/mlx-swift";
			requirement = {
				kind = upToNextMajorVersion;
				minimumVersion = 0.29.1;
			};
		};
		4AF97A302EA1B1640020E773 /* XCRemoteSwiftPackageReference "mlx-swift-examples" */ = {
			isa = XCRemoteSwiftPackageReference;
			repositoryURL = "https://github.com/ml-explore/mlx-swift-examples";
			requirement = {
				kind = upToNextMajorVersion;
				minimumVersion = 2.29.1;
			};
		};
/* End XCRemoteSwiftPackageReference section */

/* Begin XCSwiftPackageProductDependency section */
		4AF97A262EA1AD3D0020E773 /* MLX */ = {
			isa = XCSwiftPackageProductDependency;
			package = 4AF97A252EA1AD3D0020E773 /* XCRemoteSwiftPackageReference "mlx-swift" */;
			productName = MLX;
		};
		4AF97A282EA1AD3D0020E773 /* MLXFFT */ = {
			isa = XCSwiftPackageProductDependency;
			package = 4AF97A252EA1AD3D0020E773 /* XCRemoteSwiftPackageReference "mlx-swift" */;
			productName = MLXFFT;
		};
		4AF97A2A2EA1AD3D0020E773 /* MLXFast */ = {
			isa = XCSwiftPackageProductDependency;
			package = 4AF97A252EA1AD3D0020E773 /* XCRemoteSwiftPackageReference "mlx-swift" */;
			productName = MLXFast;
		};
		4AF97A2C2EA1AD3D0020E773 /* MLXLinalg */ = {
			isa = XCSwiftPackageProductDependency;
			package = 4AF97A252EA1AD3D0020E773 /* XCRemoteSwiftPackageReference "mlx-swift" */;
			productName = MLXLinalg;
		};
		4AF97A2E2EA1AD3D0020E773 /* MLXNN */ = {
			isa = XCSwiftPackageProductDependency;
			package = 4AF97A252EA1AD3D0020E773 /* XCRemoteSwiftPackageReference "mlx-swift" */;
			productName = MLXNN;
		};
		4AF97A312EA1B1640020E773 /* MLXEmbedders */ = {
			isa = XCSwiftPackageProductDependency;
			package = 4AF97A302EA1B1640020E773 /* XCRemoteSwiftPackageReference "mlx-swift-examples" */;
			productName = MLXEmbedders;
		};
		4AF97A332EA1B1640020E773 /* MLXLLM */ = {
			isa = XCSwiftPackageProductDependency;
			package = 4AF97A302EA1B1640020E773 /* XCRemoteSwiftPackageReference "mlx-swift-examples" */;
			productName = MLXLLM;
		};
		4AF97A352EA1B1640020E773 /* MLXLMCommon */ = {
			isa = XCSwiftPackageProductDependency;
			package = 4AF97A302EA1B1640020E773 /* XCRemoteSwiftPackageReference "mlx-swift-examples" */;
			productName = MLXLMCommon;
		};
		4AF97A372EA1B1640020E773 /* MLXMNIST */ = {
			isa = XCSwiftPackageProductDependency;
			package = 4AF97A302EA1B1640020E773 /* XCRemoteSwiftPackageReference "mlx-swift-examples" */;
			productName = MLXMNIST;
		};
		4AF97A392EA1B1640020E773 /* MLXVLM */ = {
			isa = XCSwiftPackageProductDependency;
			package = 4AF97A302EA1B1640020E773 /* XCRemoteSwiftPackageReference "mlx-swift-examples" */;
			productName = MLXVLM;
		};
/* End XCSwiftPackageProductDependency section */
	};
	rootObject = 4A5DF1302E4E6D90009976D6 /* Project object */;
}
